# THIS IS AN AUTOGENERATED FILE. DO NOT EDIT THIS FILE DIRECTLY.
# yarn lockfile v1


esbuild-plugin-purescript@^1.0.0:
  version "1.0.0"
  resolved "https://registry.yarnpkg.com/esbuild-plugin-purescript/-/esbuild-plugin-purescript-1.0.0.tgz#c92fab9862c2fa53663a07b1fd60e6e7cd0597f4"
  integrity sha512-WdSdRtpm5AoRyDj3vEnmLsMsTY9kl3znRUTQe5ilbtcK/JIJv3Nz6d8lsEA079vmWgjc3JtR7Ii1y1omoz/wLg==

esbuild@^0.11.5:
  version "0.11.5"
  resolved "https://registry.yarnpkg.com/esbuild/-/esbuild-0.11.5.tgz#25b18a2ff2fb9580683edce26a48f64c08c2f2df"
  integrity sha512-aRs6jAE+bVRp1tyfzUugAw1T/Y0Fwzp4Z2ROikF3h+UifoD5QlEbEYQGc6orNnnSIRhWR5VWBH7LozlAumaLHg==
